
Microsoft Visual Studio Solution File, Format Version 12.00
# Visual Studio Version 17
VisualStudioVersion = 17.4.33213.308
MinimumVisualStudioVersion = 10.0.40219.1
Project("{FAE04EC0-301F-11D3-BF4B-00C04F79EFBC}") = "ArrayTest", "ArrayTest\ArrayTest.csproj", "{40DEBCE0-7540-495C-A7A5-C4C61520110C}"
EndProject
Global
	GlobalSection(SolutionConfigurationPlatforms) = preSolution
		Debug|Any CPU = Debug|Any CPU
		Release|Any CPU = Release|Any CPU
	EndGlobalSection
	GlobalSection(ProjectConfigurationPlatforms) = postSolution
		{40DEBCE0-7540-495C-A7A5-C4C61520110C}.Debug|Any CPU.ActiveCfg = Debug|Any CPU
		{40DEBCE0-7540-495C-A7A5-C4C61520110C}.Debug|Any CPU.Build.0 = Debug|Any CPU
		{40DEBCE0-7540-495C-A7A5-C4C61520110C}.Release|Any CPU.ActiveCfg = Release|Any CPU
		{40DEBCE0-7540-495C-A7A5-C4C61520110C}.Release|Any CPU.Build.0 = Release|Any CPU
	EndGlobalSection
	GlobalSection(SolutionProperties) = preSolution
		HideSolutionNode = FALSE
	EndGlobalSection
	GlobalSection(ExtensibilityGlobals) = postSolution
		SolutionGuid = {D7A3C78C-D690-4127-86AF-19AAB0AD1639}
	EndGlobalSection
EndGlobal
